
Microsoft Visual Studio Solution File, Format Version 12.00
# Visual Studio 2012
Project("{E24C65DC-7377-472B-9ABA-BC803B73C61A}") = "FirstAngJSApp", "FirstAngJSApp\", "{A972C0AC-C18B-4090-9FD6-5F771144F5FA}"
	ProjectSection(WebsiteProperties) = preProject
		TargetFrameworkMoniker = ".NETFramework,Version%3Dv4.0"
		Debug.AspNetCompiler.VirtualPath = "/FirstAngJSApp"
		Debug.AspNetCompiler.PhysicalPath = "FirstAngJSApp\"
		Debug.AspNetCompiler.TargetPath = "PrecompiledWeb\FirstAngJSApp\"
		Debug.AspNetCompiler.Updateable = "true"
		Debug.AspNetCompiler.ForceOverwrite = "true"
		Debug.AspNetCompiler.FixedNames = "false"
		Debug.AspNetCompiler.Debug = "True"
		Release.AspNetCompiler.VirtualPath = "/FirstAngJSApp"
		Release.AspNetCompiler.PhysicalPath = "FirstAngJSApp\"
		Release.AspNetCompiler.TargetPath = "PrecompiledWeb\FirstAngJSApp\"
		Release.AspNetCompiler.Updateable = "true"
		Release.AspNetCompiler.ForceOverwrite = "true"
		Release.AspNetCompiler.FixedNames = "false"
		Release.AspNetCompiler.Debug = "False"
		VWDPort = "29845"
	EndProjectSection
EndProject
Global
	GlobalSection(SolutionConfigurationPlatforms) = preSolution
		Debug|Any CPU = Debug|Any CPU
	EndGlobalSection
	GlobalSection(ProjectConfigurationPlatforms) = postSolution
		{A972C0AC-C18B-4090-9FD6-5F771144F5FA}.Debug|Any CPU.ActiveCfg = Debug|Any CPU
		{A972C0AC-C18B-4090-9FD6-5F771144F5FA}.Debug|Any CPU.Build.0 = Debug|Any CPU
	EndGlobalSection
	GlobalSection(SolutionProperties) = preSolution
		HideSolutionNode = FALSE
	EndGlobalSection
EndGlobal
